
Microsoft Visual Studio Solution File, Format Version 12.00
Project("{FAE04EC0-301F-11D3-BF4B-00C04F79EFBC}") = "coffe", "coffe\coffe.csproj", "{7350E7F7-3CE0-46DE-82C7-7A7930EFC93B}"
EndProject
Global
	GlobalSection(SolutionConfigurationPlatforms) = preSolution
		Debug|Any CPU = Debug|Any CPU
		Release|Any CPU = Release|Any CPU
	EndGlobalSection
	GlobalSection(ProjectConfigurationPlatforms) = postSolution
		{7350E7F7-3CE0-46DE-82C7-7A7930EFC93B}.Debug|Any CPU.ActiveCfg = Debug|Any CPU
		{7350E7F7-3CE0-46DE-82C7-7A7930EFC93B}.Debug|Any CPU.Build.0 = Debug|Any CPU
		{7350E7F7-3CE0-46DE-82C7-7A7930EFC93B}.Release|Any CPU.ActiveCfg = Release|Any CPU
		{7350E7F7-3CE0-46DE-82C7-7A7930EFC93B}.Release|Any CPU.Build.0 = Release|Any CPU
	EndGlobalSection
EndGlobal
